
Microsoft Visual Studio Solution File, Format Version 12.00
# Visual Studio Version 17
VisualStudioVersion = 17.4.33213.308
MinimumVisualStudioVersion = 10.0.40219.1
Project("{FAE04EC0-301F-11D3-BF4B-00C04F79EFBC}") = "Day19_CheckEmailId", "Day19_CheckEmailId\Day19_CheckEmailId.csproj", "{F03BA012-DB51-4B0D-B5E5-32FFF49A8E04}"
EndProject
Global
	GlobalSection(SolutionConfigurationPlatforms) = preSolution
		Debug|Any CPU = Debug|Any CPU
		Release|Any CPU = Release|Any CPU
	EndGlobalSection
	GlobalSection(ProjectConfigurationPlatforms) = postSolution
		{F03BA012-DB51-4B0D-B5E5-32FFF49A8E04}.Debug|Any CPU.ActiveCfg = Debug|Any CPU
		{F03BA012-DB51-4B0D-B5E5-32FFF49A8E04}.Debug|Any CPU.Build.0 = Debug|Any CPU
		{F03BA012-DB51-4B0D-B5E5-32FFF49A8E04}.Release|Any CPU.ActiveCfg = Release|Any CPU
		{F03BA012-DB51-4B0D-B5E5-32FFF49A8E04}.Release|Any CPU.Build.0 = Release|Any CPU
	EndGlobalSection
	GlobalSection(SolutionProperties) = preSolution
		HideSolutionNode = FALSE
	EndGlobalSection
	GlobalSection(ExtensibilityGlobals) = postSolution
		SolutionGuid = {2123677B-D0C9-4AE9-AAF6-6D984A673FC0}
	EndGlobalSection
EndGlobal
